// !$*UTF8*$!
{
	archiveVersion = 1;
	classes = {
	};
	objectVersion = 56;
	objects = {

/* Begin PBXBuildFile section */
		F70646E02AF9FF3000ECAB87 /* StoreKit2TutorialApp.swift in Sources */ = {isa = PBXBuildFile; fileRef = F70646DF2AF9FF3000ECAB87 /* StoreKit2TutorialApp.swift */; };
		F70646E22AF9FF3000ECAB87 /* ContentView.swift in Sources */ = {isa = PBXBuildFile; fileRef = F70646E12AF9FF3000ECAB87 /* ContentView.swift */; };
		F70646E42AF9FF3100ECAB87 /* Assets.xcassets in Resources */ = {isa = PBXBuildFile; fileRef = F70646E32AF9FF3100ECAB87 /* Assets.xcassets */; };
		F70646E72AF9FF3100ECAB87 /* Preview Assets.xcassets in Resources */ = {isa = PBXBuildFile; fileRef = F70646E62AF9FF3100ECAB87 /* Preview Assets.xcassets */; };
		F70646EE2AFA016E00ECAB87 /* StoreKitManager.swift in Sources */ = {isa = PBXBuildFile; fileRef = F70646ED2AFA016E00ECAB87 /* StoreKitManager.swift */; };
		F70646F02AFA078700ECAB87 /* ImageViewerRepresentable.swift in Sources */ = {isa = PBXBuildFile; fileRef = F70646EF2AFA078700ECAB87 /* ImageViewerRepresentable.swift */; };
		F70646F22AFA07AC00ECAB87 /* DetailView.swift in Sources */ = {isa = PBXBuildFile; fileRef = F70646F12AFA07AC00ECAB87 /* DetailView.swift */; };
/* End PBXBuildFile section */

/* Begin PBXFileReference section */
		F70646DC2AF9FF3000ECAB87 /* StoreKit2Tutorial.app */ = {isa = PBXFileReference; explicitFileType = wrapper.application; includeInIndex = 0; path = StoreKit2Tutorial.app; sourceTree = BUILT_PRODUCTS_DIR; };
		F70646DF2AF9FF3000ECAB87 /* StoreKit2TutorialApp.swift */ = {isa = PBXFileReference; lastKnownFileType = sourcecode.swift; path = StoreKit2TutorialApp.swift; sourceTree = "<group>"; };
		F70646E12AF9FF3000ECAB87 /* ContentView.swift */ = {isa = PBXFileReference; lastKnownFileType = sourcecode.swift; path = ContentView.swift; sourceTree = "<group>"; };
		F70646E32AF9FF3100ECAB87 /* Assets.xcassets */ = {isa = PBXFileReference; lastKnownFileType = folder.assetcatalog; path = Assets.xcassets; sourceTree = "<group>"; };
		F70646E62AF9FF3100ECAB87 /* Preview Assets.xcassets */ = {isa = PBXFileReference; lastKnownFileType = folder.assetcatalog; path = "Preview Assets.xcassets"; sourceTree = "<group>"; };
		F70646ED2AFA016E00ECAB87 /* StoreKitManager.swift */ = {isa = PBXFileReference; lastKnownFileType = sourcecode.swift; path = StoreKitManager.swift; sourceTree = "<group>"; };
		F70646EF2AFA078700ECAB87 /* ImageViewerRepresentable.swift */ = {isa = PBXFileReference; lastKnownFileType = sourcecode.swift; path = ImageViewerRepresentable.swift; sourceTree = "<group>"; };
		F70646F12AFA07AC00ECAB87 /* DetailView.swift */ = {isa = PBXFileReference; lastKnownFileType = sourcecode.swift; path = DetailView.swift; sourceTree = "<group>"; };
		F70CEA5C2AFA25340011ABFE /* StoreConfig.storekit */ = {isa = PBXFileReference; lastKnownFileType = text; path = StoreConfig.storekit; sourceTree = "<group>"; };
/* End PBXFileReference section */

/* Begin PBXFrameworksBuildPhase section */
		F70646D92AF9FF3000ECAB87 /* Frameworks */ = {
			isa = PBXFrameworksBuildPhase;
			buildActionMask = 2147483647;
			files = (
			);
			runOnlyForDeploymentPostprocessing = 0;
		};
/* End PBXFrameworksBuildPhase section */

/* Begin PBXGroup section */
		F70646D32AF9FF3000ECAB87 = {
			isa = PBXGroup;
			children = (
				F70646DE2AF9FF3000ECAB87 /* StoreKit2Tutorial */,
				F70646DD2AF9FF3000ECAB87 /* Products */,
			);
			sourceTree = "<group>";
		};
		F70646DD2AF9FF3000ECAB87 /* Products */ = {
			isa = PBXGroup;
			children = (
				F70646DC2AF9FF3000ECAB87 /* StoreKit2Tutorial.app */,
			);
			name = Products;
			sourceTree = "<group>";
		};
		F70646DE2AF9FF3000ECAB87 /* StoreKit2Tutorial */ = {
			isa = PBXGroup;
			children = (
				F70646DF2AF9FF3000ECAB87 /* StoreKit2TutorialApp.swift */,
				F70646E12AF9FF3000ECAB87 /* ContentView.swift */,
				F70646ED2AFA016E00ECAB87 /* StoreKitManager.swift */,
				F70646F12AFA07AC00ECAB87 /* DetailView.swift */,
				F70646EF2AFA078700ECAB87 /* ImageViewerRepresentable.swift */,
				F70CEA5C2AFA25340011ABFE /* StoreConfig.storekit */,
				F70646E32AF9FF3100ECAB87 /* Assets.xcassets */,
				F70646E52AF9FF3100ECAB87 /* Preview Content */,
			);
			path = StoreKit2Tutorial;
			sourceTree = "<group>";
		};
		F70646E52AF9FF3100ECAB87 /* Preview Content */ = {
			isa = PBXGroup;
			children = (
				F70646E62AF9FF3100ECAB87 /* Preview Assets.xcassets */,
			);
			path = "Preview Content";
			sourceTree = "<group>";
		};
/* End PBXGroup section */

/* Begin PBXNativeTarget section */
		F70646DB2AF9FF3000ECAB87 /* StoreKit2Tutorial */ = {
			isa = PBXNativeTarget;
			buildConfigurationList = F70646EA2AF9FF3100ECAB87 /* Build configuration list for PBXNativeTarget "StoreKit2Tutorial" */;
			buildPhases = (
				F70646D82AF9FF3000ECAB87 /* Sources */,
				F70646D92AF9FF3000ECAB87 /* Frameworks */,
				F70646DA2AF9FF3000ECAB87 /* Resources */,
			);
			buildRules = (
			);
			dependencies = (
			);
			name = StoreKit2Tutorial;
			productName = StoreKit2Tutorial;
			productReference = F70646DC2AF9FF3000ECAB87 /* StoreKit2Tutorial.app */;
			productType = "com.apple.product-type.application";
		};
/* End PBXNativeTarget section */

/* Begin PBXProject section */
		F70646D42AF9FF3000ECAB87 /* Project object */ = {
			isa = PBXProject;
			attributes = {
				BuildIndependentTargetsInParallel = 1;
				LastSwiftUpdateCheck = 1430;
				LastUpgradeCheck = 1430;
				TargetAttributes = {
					F70646DB2AF9FF3000ECAB87 = {
						CreatedOnToolsVersion = 14.3.1;
					};
				};
			};
			buildConfigurationList = F70646D72AF9FF3000ECAB87 /* Build configuration list for PBXProject "StoreKit2Tutorial" */;
			compatibilityVersion = "Xcode 14.0";
			developmentRegion = en;
			hasScannedForEncodings = 0;
			knownRegions = (
				en,
				Base,
			);
			mainGroup = F70646D32AF9FF3000ECAB87;
			productRefGroup = F70646DD2AF9FF3000ECAB87 /* Products */;
			projectDirPath = "";
			projectRoot = "";
			targets = (
				F70646DB2AF9FF3000ECAB87 /* StoreKit2Tutorial */,
			);
		};
/* End PBXProject section */

/* Begin PBXResourcesBuildPhase section */
		F70646DA2AF9FF3000ECAB87 /* Resources */ = {
			isa = PBXResourcesBuildPhase;
			buildActionMask = 2147483647;
			files = (
				F70646E72AF9FF3100ECAB87 /* Preview Assets.xcassets in Resources */,
				F70646E42AF9FF3100ECAB87 /* Assets.xcassets in Resources */,
			);
			runOnlyForDeploymentPostprocessing = 0;
		};
/* End PBXResourcesBuildPhase section */

/* Begin PBXSourcesBuildPhase section */
		F70646D82AF9FF3000ECAB87 /* Sources */ = {
			isa = PBXSourcesBuildPhase;
			buildActionMask = 2147483647;
			files = (
				F70646E22AF9FF3000ECAB87 /* ContentView.swift in Sources */,
				F70646E02AF9FF3000ECAB87 /* StoreKit2TutorialApp.swift in Sources */,
				F70646F22AFA07AC00ECAB87 /* DetailView.swift in Sources */,
				F70646F02AFA078700ECAB87 /* ImageViewerRepresentable.swift in Sources */,
				F70646EE2AFA016E00ECAB87 /* StoreKitManager.swift in Sources */,
			);
			runOnlyForDeploymentPostprocessing = 0;
		};
/* End PBXSourcesBuildPhase section */

/* Begin XCBuildConfiguration section */
		F70646E82AF9FF3100ECAB87 /* Debug */ = {
			isa = XCBuildConfiguration;
			buildSettings = {
				ALWAYS_SEARCH_USER_PATHS = NO;
				CLANG_ANALYZER_NONNULL = YES;
				CLANG_ANALYZER_NUMBER_OBJECT_CONVERSION = YES_AGGRESSIVE;
				CLANG_CXX_LANGUAGE_STANDARD = "gnu++20";
				CLANG_ENABLE_MODULES = YES;
				CLANG_ENABLE_OBJC_ARC = YES;
				CLANG_ENABLE_OBJC_WEAK = YES;
				CLANG_WARN_BLOCK_CAPTURE_AUTORELEASING = YES;
				CLANG_WARN_BOOL_CONVERSION = YES;
				CLANG_WARN_COMMA = YES;
				CLANG_WARN_CONSTANT_CONVERSION = YES;
				CLANG_WARN_DEPRECATED_OBJC_IMPLEMENTATIONS = YES;
				CLANG_WARN_DIRECT_OBJC_ISA_USAGE = YES_ERROR;
				CLANG_WARN_DOCUMENTATION_COMMENTS = YES;
				CLANG_WARN_EMPTY_BODY = YES;
				CLANG_WARN_ENUM_CONVERSION = YES;
				CLANG_WARN_INFINITE_RECURSION = YES;
				CLANG_WARN_INT_CONVERSION = YES;
				CLANG_WARN_NON_LITERAL_NULL_CONVERSION = YES;
				CLANG_WARN_OBJC_IMPLICIT_RETAIN_SELF = YES;
				CLANG_WARN_OBJC_LITERAL_CONVERSION = YES;
				CLANG_WARN_OBJC_ROOT_CLASS = YES_ERROR;
				CLANG_WARN_QUOTED_INCLUDE_IN_FRAMEWORK_HEADER = YES;
				CLANG_WARN_RANGE_LOOP_ANALYSIS = YES;
				CLANG_WARN_STRICT_PROTOTYPES = YES;
				CLANG_WARN_SUSPICIOUS_MOVE = YES;
				CLANG_WARN_UNGUARDED_AVAILABILITY = YES_AGGRESSIVE;
				CLANG_WARN_UNREACHABLE_CODE = YES;
				CLANG_WARN__DUPLICATE_METHOD_MATCH = YES;
				COPY_PHASE_STRIP = NO;
				DEBUG_INFORMATION_FORMAT = dwarf;
				ENABLE_STRICT_OBJC_MSGSEND = YES;
				ENABLE_TESTABILITY = YES;
				GCC_C_LANGUAGE_STANDARD = gnu11;
				GCC_DYNAMIC_NO_PIC = NO;
				GCC_NO_COMMON_BLOCKS = YES;
				GCC_OPTIMIZATION_LEVEL = 0;
				GCC_PREPROCESSOR_DEFINITIONS = (
					"DEBUG=1",
					"$(inherited)",
				);
				GCC_WARN_64_TO_32_BIT_CONVERSION = YES;
				GCC_WARN_ABOUT_RETURN_TYPE = YES_ERROR;
				GCC_WARN_UNDECLARED_SELECTOR = YES;
				GCC_WARN_UNINITIALIZED_AUTOS = YES_AGGRESSIVE;
				GCC_WARN_UNUSED_FUNCTION = YES;
				GCC_WARN_UNUSED_VARIABLE = YES;
				IPHONEOS_DEPLOYMENT_TARGET = 16.4;
				MTL_ENABLE_DEBUG_INFO = INCLUDE_SOURCE;
				MTL_FAST_MATH = YES;
				ONLY_ACTIVE_ARCH = YES;
				SDKROOT = iphoneos;
				SWIFT_ACTIVE_COMPILATION_CONDITIONS = DEBUG;
				SWIFT_OPTIMIZATION_LEVEL = "-Onone";
			};
			name = Debug;
		};
		F70646E92AF9FF3100ECAB87 /* Release */ = {
			isa = XCBuildConfiguration;
			buildSettings = {
				ALWAYS_SEARCH_USER_PATHS = NO;
				CLANG_ANALYZER_NONNULL = YES;
				CLANG_ANALYZER_NUMBER_OBJECT_CONVERSION = YES_AGGRESSIVE;
				CLANG_CXX_LANGUAGE_STANDARD = "gnu++20";
				CLANG_ENABLE_MODULES = YES;
				CLANG_ENABLE_OBJC_ARC = YES;
				CLANG_ENABLE_OBJC_WEAK = YES;
				CLANG_WARN_BLOCK_CAPTURE_AUTORELEASING = YES;
				CLANG_WARN_BOOL_CONVERSION = YES;
				CLANG_WARN_COMMA = YES;
				CLANG_WARN_CONSTANT_CONVERSION = YES;
				CLANG_WARN_DEPRECATED_OBJC_IMPLEMENTATIONS = YES;
				CLANG_WARN_DIRECT_OBJC_ISA_USAGE = YES_ERROR;
				CLANG_WARN_DOCUMENTATION_COMMENTS = YES;
				CLANG_WARN_EMPTY_BODY = YES;
				CLANG_WARN_ENUM_CONVERSION = YES;
				CLANG_WARN_INFINITE_RECURSION = YES;
				CLANG_WARN_INT_CONVERSION = YES;
				CLANG_WARN_NON_LITERAL_NULL_CONVERSION = YES;
				CLANG_WARN_OBJC_IMPLICIT_RETAIN_SELF = YES;
				CLANG_WARN_OBJC_LITERAL_CONVERSION = YES;
				CLANG_WARN_OBJC_ROOT_CLASS = YES_ERROR;
				CLANG_WARN_QUOTED_INCLUDE_IN_FRAMEWORK_HEADER = YES;
				CLANG_WARN_RANGE_LOOP_ANALYSIS = YES;
				CLANG_WARN_STRICT_PROTOTYPES = YES;
				CLANG_WARN_SUSPICIOUS_MOVE = YES;
				CLANG_WARN_UNGUARDED_AVAILABILITY = YES_AGGRESSIVE;
				CLANG_WARN_UNREACHABLE_CODE = YES;
				CLANG_WARN__DUPLICATE_METHOD_MATCH = YES;
				COPY_PHASE_STRIP = NO;
				DEBUG_INFORMATION_FORMAT = "dwarf-with-dsym";
				ENABLE_NS_ASSERTIONS = NO;
				ENABLE_STRICT_OBJC_MSGSEND = YES;
				GCC_C_LANGUAGE_STANDARD = gnu11;
				GCC_NO_COMMON_BLOCKS = YES;
				GCC_WARN_64_TO_32_BIT_CONVERSION = YES;
				GCC_WARN_ABOUT_RETURN_TYPE = YES_ERROR;
				GCC_WARN_UNDECLARED_SELECTOR = YES;
				GCC_WARN_UNINITIALIZED_AUTOS = YES_AGGRESSIVE;
				GCC_WARN_UNUSED_FUNCTION = YES;
				GCC_WARN_UNUSED_VARIABLE = YES;
				IPHONEOS_DEPLOYMENT_TARGET = 16.4;
				MTL_ENABLE_DEBUG_INFO = NO;
				MTL_FAST_MATH = YES;
				SDKROOT = iphoneos;
				SWIFT_COMPILATION_MODE = wholemodule;
				SWIFT_OPTIMIZATION_LEVEL = "-O";
				VALIDATE_PRODUCT = YES;
			};
			name = Release;
		};
		F70646EB2AF9FF3100ECAB87 /* Debug */ = {
			isa = XCBuildConfiguration;
			buildSettings = {
				ASSETCATALOG_COMPILER_APPICON_NAME = AppIcon;
				ASSETCATALOG_COMPILER_GLOBAL_ACCENT_COLOR_NAME = AccentColor;
				CODE_SIGN_STYLE = Automatic;
				CURRENT_PROJECT_VERSION = 1;
				DEVELOPMENT_ASSET_PATHS = "\"StoreKit2Tutorial/Preview Content\"";
				DEVELOPMENT_TEAM = 6P9W97TFSP;
				ENABLE_PREVIEWS = YES;
				GENERATE_INFOPLIST_FILE = YES;
				INFOPLIST_KEY_UIApplicationSceneManifest_Generation = YES;
				INFOPLIST_KEY_UIApplicationSupportsIndirectInputEvents = YES;
				INFOPLIST_KEY_UILaunchScreen_Generation = YES;
				INFOPLIST_KEY_UISupportedInterfaceOrientations_iPad = "UIInterfaceOrientationPortrait UIInterfaceOrientationPortraitUpsideDown UIInterfaceOrientationLandscapeLeft UIInterfaceOrientationLandscapeRight";
				INFOPLIST_KEY_UISupportedInterfaceOrientations_iPhone = "UIInterfaceOrientationPortrait UIInterfaceOrientationLandscapeLeft UIInterfaceOrientationLandscapeRight";
				LD_RUNPATH_SEARCH_PATHS = (
					"$(inherited)",
					"@executable_path/Frameworks",
				);
				MARKETING_VERSION = 1.0;
				PRODUCT_BUNDLE_IDENTIFIER = ArsagaThompson.StoreKit2Tutorial;
				PRODUCT_NAME = "$(TARGET_NAME)";
				SWIFT_EMIT_LOC_STRINGS = YES;
				SWIFT_VERSION = 5.0;
				TARGETED_DEVICE_FAMILY = "1,2";
			};
			name = Debug;
		};
		F70646EC2AF9FF3100ECAB87 /* Release */ = {
			isa = XCBuildConfiguration;
			buildSettings = {
				ASSETCATALOG_COMPILER_APPICON_NAME = AppIcon;
				ASSETCATALOG_COMPILER_GLOBAL_ACCENT_COLOR_NAME = AccentColor;
				CODE_SIGN_STYLE = Automatic;
				CURRENT_PROJECT_VERSION = 1;
				DEVELOPMENT_ASSET_PATHS = "\"StoreKit2Tutorial/Preview Content\"";
				DEVELOPMENT_TEAM = 6P9W97TFSP;
				ENABLE_PREVIEWS = YES;
				GENERATE_INFOPLIST_FILE = YES;
				INFOPLIST_KEY_UIApplicationSceneManifest_Generation = YES;
				INFOPLIST_KEY_UIApplicationSupportsIndirectInputEvents = YES;
				INFOPLIST_KEY_UILaunchScreen_Generation = YES;
				INFOPLIST_KEY_UISupportedInterfaceOrientations_iPad = "UIInterfaceOrientationPortrait UIInterfaceOrientationPortraitUpsideDown UIInterfaceOrientationLandscapeLeft UIInterfaceOrientationLandscapeRight";
				INFOPLIST_KEY_UISupportedInterfaceOrientations_iPhone = "UIInterfaceOrientationPortrait UIInterfaceOrientationLandscapeLeft UIInterfaceOrientationLandscapeRight";
				LD_RUNPATH_SEARCH_PATHS = (
					"$(inherited)",
					"@executable_path/Frameworks",
				);
				MARKETING_VERSION = 1.0;
				PRODUCT_BUNDLE_IDENTIFIER = ArsagaThompson.StoreKit2Tutorial;
				PRODUCT_NAME = "$(TARGET_NAME)";
				SWIFT_EMIT_LOC_STRINGS = YES;
				SWIFT_VERSION = 5.0;
				TARGETED_DEVICE_FAMILY = "1,2";
			};
			name = Release;
		};
/* End XCBuildConfiguration section */

/* Begin XCConfigurationList section */
		F70646D72AF9FF3000ECAB87 /* Build configuration list for PBXProject "StoreKit2Tutorial" */ = {
			isa = XCConfigurationList;
			buildConfigurations = (
				F70646E82AF9FF3100ECAB87 /* Debug */,
				F70646E92AF9FF3100ECAB87 /* Release */,
			);
			defaultConfigurationIsVisible = 0;
			defaultConfigurationName = Release;
		};
		F70646EA2AF9FF3100ECAB87 /* Build configuration list for PBXNativeTarget "StoreKit2Tutorial" */ = {
			isa = XCConfigurationList;
			buildConfigurations = (
				F70646EB2AF9FF3100ECAB87 /* Debug */,
				F70646EC2AF9FF3100ECAB87 /* Release */,
			);
			defaultConfigurationIsVisible = 0;
			defaultConfigurationName = Release;
		};
/* End XCConfigurationList section */
	};
	rootObject = F70646D42AF9FF3000ECAB87 /* Project object */;
}
